schema: '2.0'
stages:
  load_data:
    cmd: python src/load_data.py --config=params.yaml
    deps:
    - path: data_given/winequality.csv
      md5: ccc8d3507eb151f53f760d36abdef888
      size: 91998
    - path: src/get_data.py
      md5: 2991abb13e95d51a69326cb88af9eed0
      size: 677
    - path: src/load_data.py
      md5: 39be0d911d3b4f75c1c0fc66b31500bb
      size: 663
    outs:
    - path: data/raw/winequality.csv
      md5: d98e8f2eca228c11c4de1cc96866a54d
      size: 93598
  split_data:
    cmd: python src/split_data.py --config=params.yaml
    deps:
    - path: data/raw/winequality.csv
      md5: d98e8f2eca228c11c4de1cc96866a54d
      size: 93598
    - path: src/split_data.py
      md5: 16cd5e4f197c84395179936fe9b18cf6
      size: 1027
    outs:
    - path: data/proecessed/test_winequality.csv
      md5: d8ffccda23a4053d7823e304dbed165e
      size: 18820
    - path: data/proecessed/train_winequality.csv
      md5: bb08b80984b550ea79b3c8472a08f914
      size: 74924
  train_and_evaluate:
    cmd: python src/train_and_evaluate.py --config=params.yaml
    deps:
    - path: data/proecessed/test_winequality.csv
      md5: d8ffccda23a4053d7823e304dbed165e
      size: 18820
    - path: data/proecessed/train_winequality.csv
      md5: bb08b80984b550ea79b3c8472a08f914
      size: 74924
    - path: src/train_and_evaluate.py
      md5: f27c341ef5bea720f83bf230621c2449
      size: 4737
    params:
      params.yaml:
        estimators.ElasticNet.params.alpha: 0.88
        estimators.ElasticNet.params.l1_ratio: 0.89
